
Microsoft Visual Studio Solution File, Format Version 12.00
# Visual Studio Version 17
VisualStudioVersion = 17.6.33815.320
MinimumVisualStudioVersion = 10.0.40219.1
Project("{9A19103F-16F7-4668-BE54-9A1E7A4F7556}") = "ParallelTest", "Core\ParallelTest\ParallelTest.csproj", "{84164415-2170-483F-A0CF-5F11BAE52C52}"
EndProject
Project("{9A19103F-16F7-4668-BE54-9A1E7A4F7556}") = "Core", "..\Sources\Core\Core.csproj", "{3C1C36D2-A2B5-4A84-B60D-C078666889F3}"
EndProject
Global
	GlobalSection(SolutionConfigurationPlatforms) = preSolution
		Debug|Any CPU = Debug|Any CPU
		Release|Any CPU = Release|Any CPU
	EndGlobalSection
	GlobalSection(ProjectConfigurationPlatforms) = postSolution
		{84164415-2170-483F-A0CF-5F11BAE52C52}.Debug|Any CPU.ActiveCfg = Debug|Any CPU
		{84164415-2170-483F-A0CF-5F11BAE52C52}.Debug|Any CPU.Build.0 = Debug|Any CPU
		{84164415-2170-483F-A0CF-5F11BAE52C52}.Release|Any CPU.ActiveCfg = Release|Any CPU
		{84164415-2170-483F-A0CF-5F11BAE52C52}.Release|Any CPU.Build.0 = Release|Any CPU
		{3C1C36D2-A2B5-4A84-B60D-C078666889F3}.Debug|Any CPU.ActiveCfg = Debug|Any CPU
		{3C1C36D2-A2B5-4A84-B60D-C078666889F3}.Debug|Any CPU.Build.0 = Debug|Any CPU
		{3C1C36D2-A2B5-4A84-B60D-C078666889F3}.Release|Any CPU.ActiveCfg = Release|Any CPU
		{3C1C36D2-A2B5-4A84-B60D-C078666889F3}.Release|Any CPU.Build.0 = Release|Any CPU
	EndGlobalSection
	GlobalSection(SolutionProperties) = preSolution
		HideSolutionNode = FALSE
	EndGlobalSection
	GlobalSection(ExtensibilityGlobals) = postSolution
		SolutionGuid = {2D57A151-9B92-4EA2-95BB-155C8C4678F4}
	EndGlobalSection
EndGlobal
