
Microsoft Visual Studio Solution File, Format Version 12.00
# Visual Studio Version 17
VisualStudioVersion = 17.6.33815.320
MinimumVisualStudioVersion = 10.0.40219.1
Project("{FAE04EC0-301F-11D3-BF4B-00C04F79EFBC}") = "One-Layer Perceptron Classifier", "One-Layer Perceptron Classifier.csproj", "{651A9859-82C6-428B-B34A-ABE15858F074}"
EndProject
Project("{9A19103F-16F7-4668-BE54-9A1E7A4F7556}") = "Core", "..\..\..\..\Sources\Core\Core.csproj", "{6D90BC10-A8C2-4282-B3B2-269342CBF4B0}"
EndProject
Project("{9A19103F-16F7-4668-BE54-9A1E7A4F7556}") = "Neuro", "..\..\..\..\Sources\Neuro\Neuro.csproj", "{322A5F80-4B43-4A3A-A766-59BB805FF9BF}"
EndProject
Project("{9A19103F-16F7-4668-BE54-9A1E7A4F7556}") = "Controls", "..\..\..\..\Sources\Controls\Controls.csproj", "{E6810A28-7B59-4159-BC0B-5D7F0081E9C4}"
EndProject
Global
	GlobalSection(SolutionConfigurationPlatforms) = preSolution
		Debug|Any CPU = Debug|Any CPU
		Release|Any CPU = Release|Any CPU
	EndGlobalSection
	GlobalSection(ProjectConfigurationPlatforms) = postSolution
		{651A9859-82C6-428B-B34A-ABE15858F074}.Debug|Any CPU.ActiveCfg = Debug|Any CPU
		{651A9859-82C6-428B-B34A-ABE15858F074}.Debug|Any CPU.Build.0 = Debug|Any CPU
		{651A9859-82C6-428B-B34A-ABE15858F074}.Release|Any CPU.ActiveCfg = Release|Any CPU
		{651A9859-82C6-428B-B34A-ABE15858F074}.Release|Any CPU.Build.0 = Release|Any CPU
		{6D90BC10-A8C2-4282-B3B2-269342CBF4B0}.Debug|Any CPU.ActiveCfg = Debug|Any CPU
		{6D90BC10-A8C2-4282-B3B2-269342CBF4B0}.Debug|Any CPU.Build.0 = Debug|Any CPU
		{6D90BC10-A8C2-4282-B3B2-269342CBF4B0}.Release|Any CPU.ActiveCfg = Release|Any CPU
		{6D90BC10-A8C2-4282-B3B2-269342CBF4B0}.Release|Any CPU.Build.0 = Release|Any CPU
		{322A5F80-4B43-4A3A-A766-59BB805FF9BF}.Debug|Any CPU.ActiveCfg = Debug|Any CPU
		{322A5F80-4B43-4A3A-A766-59BB805FF9BF}.Debug|Any CPU.Build.0 = Debug|Any CPU
		{322A5F80-4B43-4A3A-A766-59BB805FF9BF}.Release|Any CPU.ActiveCfg = Release|Any CPU
		{322A5F80-4B43-4A3A-A766-59BB805FF9BF}.Release|Any CPU.Build.0 = Release|Any CPU
		{E6810A28-7B59-4159-BC0B-5D7F0081E9C4}.Debug|Any CPU.ActiveCfg = Debug|Any CPU
		{E6810A28-7B59-4159-BC0B-5D7F0081E9C4}.Debug|Any CPU.Build.0 = Debug|Any CPU
		{E6810A28-7B59-4159-BC0B-5D7F0081E9C4}.Release|Any CPU.ActiveCfg = Release|Any CPU
		{E6810A28-7B59-4159-BC0B-5D7F0081E9C4}.Release|Any CPU.Build.0 = Release|Any CPU
	EndGlobalSection
	GlobalSection(SolutionProperties) = preSolution
		HideSolutionNode = FALSE
	EndGlobalSection
	GlobalSection(ExtensibilityGlobals) = postSolution
		SolutionGuid = {C69D2370-E8F2-4E7D-91CF-256AD2A4CBFA}
	EndGlobalSection
EndGlobal
